
Microsoft Visual Studio Solution File, Format Version 12.00
# Visual Studio Version 16
VisualStudioVersion = 16.0.30104.148
MinimumVisualStudioVersion = 10.0.40219.1
Project("{FAE04EC0-301F-11D3-BF4B-00C04F79EFBC}") = "CinemaDB", "CinemaDB\CinemaDB.csproj", "{8BA151D1-9B1D-4351-B5F3-8E98651ED749}"
EndProject
Global
	GlobalSection(SolutionConfigurationPlatforms) = preSolution
		Debug|Any CPU = Debug|Any CPU
		Release|Any CPU = Release|Any CPU
	EndGlobalSection
	GlobalSection(ProjectConfigurationPlatforms) = postSolution
		{8BA151D1-9B1D-4351-B5F3-8E98651ED749}.Debug|Any CPU.ActiveCfg = Debug|Any CPU
		{8BA151D1-9B1D-4351-B5F3-8E98651ED749}.Debug|Any CPU.Build.0 = Debug|Any CPU
		{8BA151D1-9B1D-4351-B5F3-8E98651ED749}.Release|Any CPU.ActiveCfg = Release|Any CPU
		{8BA151D1-9B1D-4351-B5F3-8E98651ED749}.Release|Any CPU.Build.0 = Release|Any CPU
	EndGlobalSection
	GlobalSection(SolutionProperties) = preSolution
		HideSolutionNode = FALSE
	EndGlobalSection
	GlobalSection(ExtensibilityGlobals) = postSolution
		SolutionGuid = {4EC5F7F1-7976-4A9A-96F8-206F4C3D12DB}
	EndGlobalSection
EndGlobal
